
Microsoft Visual Studio Solution File, Format Version 12.00
# Visual Studio Version 17
VisualStudioVersion = 17.13.35913.81
MinimumVisualStudioVersion = 10.0.40219.1
Project("{2150E333-8FDC-42A3-9474-1A3956D46DE8}") = "src", "src", "{02EA681E-C7D8-13C7-8484-4AC65E1B71E8}"
EndProject
Project("{2150E333-8FDC-42A3-9474-1A3956D46DE8}") = "solution-items", "solution-items", "{492A7A29-5A49-490B-9167-2FD4B0370BFA}"
	ProjectSection(SolutionItems) = preProject
		.dockerignore = .dockerignore
		.editorconfig = .editorconfig
		Directory.Build.props = Directory.Build.props
	EndProjectSection
EndProject
Project("{2150E333-8FDC-42A3-9474-1A3956D46DE8}") = "information", "information", "{378C285A-A4B5-400A-B7ED-80E17C14FE44}"
	ProjectSection(SolutionItems) = preProject
		blazor.txt = blazor.txt
		information\migrations.txt = information\migrations.txt
		information\packages.txt = information\packages.txt
		information\pipeline.txt = information\pipeline.txt
		information\tasks.txt = information\tasks.txt
		information\tools.txt = information\tools.txt
	EndProjectSection
EndProject
Project("{2150E333-8FDC-42A3-9474-1A3956D46DE8}") = "api", "api", "{2BE03A26-7E82-4B47-A422-511442155A0C}"
EndProject
Project("{2150E333-8FDC-42A3-9474-1A3956D46DE8}") = "apps", "apps", "{920DC820-0C52-4AA0-B209-D92A3E2B6BA6}"
EndProject
Project("{2150E333-8FDC-42A3-9474-1A3956D46DE8}") = "modules", "modules", "{2FAF572C-47C6-4178-AABF-D10CE1AADA29}"
EndProject
Project("{2150E333-8FDC-42A3-9474-1A3956D46DE8}") = "common", "common", "{698FF893-650F-424B-A497-BF801D4C115D}"
EndProject
Project("{FAE04EC0-301F-11D3-BF4B-00C04F79EFBC}") = "System.API", "src\api\System.API\System.API.csproj", "{E77DB180-5E85-4F71-BFFA-B88BA0F98E41}"
EndProject
Project("{2150E333-8FDC-42A3-9474-1A3956D46DE8}") = "system", "system", "{8336E100-727C-495E-B8CF-CA5BF95C72D5}"
EndProject
Project("{FAE04EC0-301F-11D3-BF4B-00C04F79EFBC}") = "System.Infrastructure", "src\modules\system\System.Infrastructure\System.Infrastructure.csproj", "{FFE5152D-83C7-46C1-AC99-4D55497B610E}"
EndProject
Project("{FAE04EC0-301F-11D3-BF4B-00C04F79EFBC}") = "System.Presentation", "src\modules\system\System.Presentation\System.Presentation.csproj", "{F4A49998-60CC-4B91-904D-84810BC58D6B}"
EndProject
Project("{FAE04EC0-301F-11D3-BF4B-00C04F79EFBC}") = "System.Application", "src\modules\system\System.Application\System.Application.csproj", "{0C77929E-5044-45DE-9A16-CCC5D0C48696}"
EndProject
Project("{FAE04EC0-301F-11D3-BF4B-00C04F79EFBC}") = "System.Domain", "src\modules\system\System.Domain\System.Domain.csproj", "{44866673-B70E-44AA-8E24-B2BBC80F8113}"
EndProject
Project("{FAE04EC0-301F-11D3-BF4B-00C04F79EFBC}") = "Common.Infrastructure", "src\common\Common.Infrastructure\Common.Infrastructure.csproj", "{47D08BE3-B806-4994-807E-1687AA340490}"
EndProject
Project("{FAE04EC0-301F-11D3-BF4B-00C04F79EFBC}") = "Common.Presentation", "src\common\Common.Presentation\Common.Presentation.csproj", "{23FA3599-CDD6-4C47-B274-435266620F03}"
EndProject
Project("{FAE04EC0-301F-11D3-BF4B-00C04F79EFBC}") = "Common.Domain", "src\common\Common.Domain\Common.Domain.csproj", "{350BCEF7-DC19-48A3-9CC0-1F9A9B52E8F1}"
EndProject
Project("{FAE04EC0-301F-11D3-BF4B-00C04F79EFBC}") = "Common.Application", "src\common\Common.Application\Common.Application.csproj", "{EC755A93-42CF-4787-9688-532595A83487}"
EndProject
Project("{FAE04EC0-301F-11D3-BF4B-00C04F79EFBC}") = "Blazor.Server", "src\apps\Blazor.Server\Blazor.Server.csproj", "{7280C3ED-B4A9-4771-A31D-ECA08BE2DA7A}"
EndProject
Project("{E53339B2-1760-4266-BCC7-CA923CBCF16C}") = "docker-compose", "docker-compose.dcproj", "{81DDED9D-158B-E303-5F62-77A2896D2A5A}"
EndProject
Project("{FAE04EC0-301F-11D3-BF4B-00C04F79EFBC}") = "Blazor.UI", "src\apps\Blazor.UI\Blazor.UI.csproj", "{02F156E4-2CF4-DB5E-64DF-16D402487219}"
EndProject
Project("{FAE04EC0-301F-11D3-BF4B-00C04F79EFBC}") = "Tenant.API", "src\api\Tenant.API\Tenant.API.csproj", "{0E3B1477-DF01-402D-BC60-A19A743850D9}"
EndProject
Project("{FAE04EC0-301F-11D3-BF4B-00C04F79EFBC}") = "Common.Storage", "src\common\Common.Storage\Common.Storage.csproj", "{58965627-648A-430C-BB3F-A678BE801B01}"
EndProject
Project("{2150E333-8FDC-42A3-9474-1A3956D46DE8}") = "tenant", "tenant", "{61AB00D8-9775-4A85-B664-1F4E12426AB2}"
EndProject
Project("{FAE04EC0-301F-11D3-BF4B-00C04F79EFBC}") = "Tenant.Domain", "src\modules\tenant\Tenant.Domain\Tenant.Domain.csproj", "{D349B7C1-3222-4A58-BA19-CD2CBA0D2A24}"
EndProject
Project("{FAE04EC0-301F-11D3-BF4B-00C04F79EFBC}") = "Tenant.Application", "src\modules\tenant\Tenant.Application\Tenant.Application.csproj", "{F425B158-8845-480C-83D6-FF8C42D40B09}"
EndProject
Project("{FAE04EC0-301F-11D3-BF4B-00C04F79EFBC}") = "Tenant.Infrastructure", "src\modules\tenant\Tenant.Infrastructure\Tenant.Infrastructure.csproj", "{5E0F4736-2D42-4B89-9D4A-AC633E2464E1}"
EndProject
Project("{FAE04EC0-301F-11D3-BF4B-00C04F79EFBC}") = "Tenant.Presentation", "src\modules\tenant\Tenant.Presentation\Tenant.Presentation.csproj", "{67BD7459-E1DD-4073-A95A-2C4FC27EC277}"
EndProject
Project("{FAE04EC0-301F-11D3-BF4B-00C04F79EFBC}") = "Blazor.WebportSystem", "src\apps\Blazor.WebportSystem\Blazor.WebportSystem\Blazor.WebportSystem.csproj", "{8759B04B-93E1-43A5-8FC6-402023A618EE}"
EndProject
Project("{FAE04EC0-301F-11D3-BF4B-00C04F79EFBC}") = "Blazor.WebportSystem.Client", "src\apps\Blazor.WebportSystem\Blazor.WebportSystem.Client\Blazor.WebportSystem.Client.csproj", "{C5B64F94-C82E-4C60-BA7F-262DB4BBB47E}"
EndProject
Project("{2150E333-8FDC-42A3-9474-1A3956D46DE8}") = "BlazorSamples", "BlazorSamples", "{7F8A3AE5-D3A3-4617-886A-ADEBFBFE1123}"
EndProject
Project("{2150E333-8FDC-42A3-9474-1A3956D46DE8}") = "BlazorProject", "BlazorProject", "{25DE7527-0C60-4146-AA79-3C6EAE0A787B}"
EndProject
Project("{FAE04EC0-301F-11D3-BF4B-00C04F79EFBC}") = "BlazorProject", "src\apps\BlazorProject\BlazorProject\BlazorProject.csproj", "{F6155D0D-F8F2-4D46-9B86-C29568667AF6}"
EndProject
Project("{FAE04EC0-301F-11D3-BF4B-00C04F79EFBC}") = "BlazorProject.Client", "src\apps\BlazorProject\BlazorProject.Client\BlazorProject.Client.csproj", "{EABFE0D0-7CF9-4871-800F-9F54C5F73F8F}"
EndProject
Global
	GlobalSection(SolutionConfigurationPlatforms) = preSolution
		Debug|Any CPU = Debug|Any CPU
		Release|Any CPU = Release|Any CPU
	EndGlobalSection
	GlobalSection(ProjectConfigurationPlatforms) = postSolution
		{E77DB180-5E85-4F71-BFFA-B88BA0F98E41}.Debug|Any CPU.ActiveCfg = Debug|Any CPU
		{E77DB180-5E85-4F71-BFFA-B88BA0F98E41}.Debug|Any CPU.Build.0 = Debug|Any CPU
		{E77DB180-5E85-4F71-BFFA-B88BA0F98E41}.Release|Any CPU.ActiveCfg = Release|Any CPU
		{E77DB180-5E85-4F71-BFFA-B88BA0F98E41}.Release|Any CPU.Build.0 = Release|Any CPU
		{FFE5152D-83C7-46C1-AC99-4D55497B610E}.Debug|Any CPU.ActiveCfg = Debug|Any CPU
		{FFE5152D-83C7-46C1-AC99-4D55497B610E}.Debug|Any CPU.Build.0 = Debug|Any CPU
		{FFE5152D-83C7-46C1-AC99-4D55497B610E}.Release|Any CPU.ActiveCfg = Release|Any CPU
		{FFE5152D-83C7-46C1-AC99-4D55497B610E}.Release|Any CPU.Build.0 = Release|Any CPU
		{F4A49998-60CC-4B91-904D-84810BC58D6B}.Debug|Any CPU.ActiveCfg = Debug|Any CPU
		{F4A49998-60CC-4B91-904D-84810BC58D6B}.Debug|Any CPU.Build.0 = Debug|Any CPU
		{F4A49998-60CC-4B91-904D-84810BC58D6B}.Release|Any CPU.ActiveCfg = Release|Any CPU
		{F4A49998-60CC-4B91-904D-84810BC58D6B}.Release|Any CPU.Build.0 = Release|Any CPU
		{0C77929E-5044-45DE-9A16-CCC5D0C48696}.Debug|Any CPU.ActiveCfg = Debug|Any CPU
		{0C77929E-5044-45DE-9A16-CCC5D0C48696}.Debug|Any CPU.Build.0 = Debug|Any CPU
		{0C77929E-5044-45DE-9A16-CCC5D0C48696}.Release|Any CPU.ActiveCfg = Release|Any CPU
		{0C77929E-5044-45DE-9A16-CCC5D0C48696}.Release|Any CPU.Build.0 = Release|Any CPU
		{44866673-B70E-44AA-8E24-B2BBC80F8113}.Debug|Any CPU.ActiveCfg = Debug|Any CPU
		{44866673-B70E-44AA-8E24-B2BBC80F8113}.Debug|Any CPU.Build.0 = Debug|Any CPU
		{44866673-B70E-44AA-8E24-B2BBC80F8113}.Release|Any CPU.ActiveCfg = Release|Any CPU
		{44866673-B70E-44AA-8E24-B2BBC80F8113}.Release|Any CPU.Build.0 = Release|Any CPU
		{47D08BE3-B806-4994-807E-1687AA340490}.Debug|Any CPU.ActiveCfg = Debug|Any CPU
		{47D08BE3-B806-4994-807E-1687AA340490}.Debug|Any CPU.Build.0 = Debug|Any CPU
		{47D08BE3-B806-4994-807E-1687AA340490}.Release|Any CPU.ActiveCfg = Release|Any CPU
		{47D08BE3-B806-4994-807E-1687AA340490}.Release|Any CPU.Build.0 = Release|Any CPU
		{23FA3599-CDD6-4C47-B274-435266620F03}.Debug|Any CPU.ActiveCfg = Debug|Any CPU
		{23FA3599-CDD6-4C47-B274-435266620F03}.Debug|Any CPU.Build.0 = Debug|Any CPU
		{23FA3599-CDD6-4C47-B274-435266620F03}.Release|Any CPU.ActiveCfg = Release|Any CPU
		{23FA3599-CDD6-4C47-B274-435266620F03}.Release|Any CPU.Build.0 = Release|Any CPU
		{350BCEF7-DC19-48A3-9CC0-1F9A9B52E8F1}.Debug|Any CPU.ActiveCfg = Debug|Any CPU
		{350BCEF7-DC19-48A3-9CC0-1F9A9B52E8F1}.Debug|Any CPU.Build.0 = Debug|Any CPU
		{350BCEF7-DC19-48A3-9CC0-1F9A9B52E8F1}.Release|Any CPU.ActiveCfg = Release|Any CPU
		{350BCEF7-DC19-48A3-9CC0-1F9A9B52E8F1}.Release|Any CPU.Build.0 = Release|Any CPU
		{EC755A93-42CF-4787-9688-532595A83487}.Debug|Any CPU.ActiveCfg = Debug|Any CPU
		{EC755A93-42CF-4787-9688-532595A83487}.Debug|Any CPU.Build.0 = Debug|Any CPU
		{EC755A93-42CF-4787-9688-532595A83487}.Release|Any CPU.ActiveCfg = Release|Any CPU
		{EC755A93-42CF-4787-9688-532595A83487}.Release|Any CPU.Build.0 = Release|Any CPU
		{7280C3ED-B4A9-4771-A31D-ECA08BE2DA7A}.Debug|Any CPU.ActiveCfg = Debug|Any CPU
		{7280C3ED-B4A9-4771-A31D-ECA08BE2DA7A}.Debug|Any CPU.Build.0 = Debug|Any CPU
		{7280C3ED-B4A9-4771-A31D-ECA08BE2DA7A}.Release|Any CPU.ActiveCfg = Release|Any CPU
		{7280C3ED-B4A9-4771-A31D-ECA08BE2DA7A}.Release|Any CPU.Build.0 = Release|Any CPU
		{81DDED9D-158B-E303-5F62-77A2896D2A5A}.Debug|Any CPU.ActiveCfg = Debug|Any CPU
		{81DDED9D-158B-E303-5F62-77A2896D2A5A}.Debug|Any CPU.Build.0 = Debug|Any CPU
		{81DDED9D-158B-E303-5F62-77A2896D2A5A}.Release|Any CPU.ActiveCfg = Release|Any CPU
		{81DDED9D-158B-E303-5F62-77A2896D2A5A}.Release|Any CPU.Build.0 = Release|Any CPU
		{02F156E4-2CF4-DB5E-64DF-16D402487219}.Debug|Any CPU.ActiveCfg = Debug|Any CPU
		{02F156E4-2CF4-DB5E-64DF-16D402487219}.Debug|Any CPU.Build.0 = Debug|Any CPU
		{02F156E4-2CF4-DB5E-64DF-16D402487219}.Release|Any CPU.ActiveCfg = Release|Any CPU
		{02F156E4-2CF4-DB5E-64DF-16D402487219}.Release|Any CPU.Build.0 = Release|Any CPU
		{0E3B1477-DF01-402D-BC60-A19A743850D9}.Debug|Any CPU.ActiveCfg = Debug|Any CPU
		{0E3B1477-DF01-402D-BC60-A19A743850D9}.Debug|Any CPU.Build.0 = Debug|Any CPU
		{0E3B1477-DF01-402D-BC60-A19A743850D9}.Release|Any CPU.ActiveCfg = Release|Any CPU
		{0E3B1477-DF01-402D-BC60-A19A743850D9}.Release|Any CPU.Build.0 = Release|Any CPU
		{58965627-648A-430C-BB3F-A678BE801B01}.Debug|Any CPU.ActiveCfg = Debug|Any CPU
		{58965627-648A-430C-BB3F-A678BE801B01}.Debug|Any CPU.Build.0 = Debug|Any CPU
		{58965627-648A-430C-BB3F-A678BE801B01}.Release|Any CPU.ActiveCfg = Release|Any CPU
		{58965627-648A-430C-BB3F-A678BE801B01}.Release|Any CPU.Build.0 = Release|Any CPU
		{D349B7C1-3222-4A58-BA19-CD2CBA0D2A24}.Debug|Any CPU.ActiveCfg = Debug|Any CPU
		{D349B7C1-3222-4A58-BA19-CD2CBA0D2A24}.Debug|Any CPU.Build.0 = Debug|Any CPU
		{D349B7C1-3222-4A58-BA19-CD2CBA0D2A24}.Release|Any CPU.ActiveCfg = Release|Any CPU
		{D349B7C1-3222-4A58-BA19-CD2CBA0D2A24}.Release|Any CPU.Build.0 = Release|Any CPU
		{F425B158-8845-480C-83D6-FF8C42D40B09}.Debug|Any CPU.ActiveCfg = Debug|Any CPU
		{F425B158-8845-480C-83D6-FF8C42D40B09}.Debug|Any CPU.Build.0 = Debug|Any CPU
		{F425B158-8845-480C-83D6-FF8C42D40B09}.Release|Any CPU.ActiveCfg = Release|Any CPU
		{F425B158-8845-480C-83D6-FF8C42D40B09}.Release|Any CPU.Build.0 = Release|Any CPU
		{5E0F4736-2D42-4B89-9D4A-AC633E2464E1}.Debug|Any CPU.ActiveCfg = Debug|Any CPU
		{5E0F4736-2D42-4B89-9D4A-AC633E2464E1}.Debug|Any CPU.Build.0 = Debug|Any CPU
		{5E0F4736-2D42-4B89-9D4A-AC633E2464E1}.Release|Any CPU.ActiveCfg = Release|Any CPU
		{5E0F4736-2D42-4B89-9D4A-AC633E2464E1}.Release|Any CPU.Build.0 = Release|Any CPU
		{67BD7459-E1DD-4073-A95A-2C4FC27EC277}.Debug|Any CPU.ActiveCfg = Debug|Any CPU
		{67BD7459-E1DD-4073-A95A-2C4FC27EC277}.Debug|Any CPU.Build.0 = Debug|Any CPU
		{67BD7459-E1DD-4073-A95A-2C4FC27EC277}.Release|Any CPU.ActiveCfg = Release|Any CPU
		{67BD7459-E1DD-4073-A95A-2C4FC27EC277}.Release|Any CPU.Build.0 = Release|Any CPU
		{8759B04B-93E1-43A5-8FC6-402023A618EE}.Debug|Any CPU.ActiveCfg = Debug|Any CPU
		{8759B04B-93E1-43A5-8FC6-402023A618EE}.Debug|Any CPU.Build.0 = Debug|Any CPU
		{8759B04B-93E1-43A5-8FC6-402023A618EE}.Release|Any CPU.ActiveCfg = Release|Any CPU
		{8759B04B-93E1-43A5-8FC6-402023A618EE}.Release|Any CPU.Build.0 = Release|Any CPU
		{C5B64F94-C82E-4C60-BA7F-262DB4BBB47E}.Debug|Any CPU.ActiveCfg = Debug|Any CPU
		{C5B64F94-C82E-4C60-BA7F-262DB4BBB47E}.Debug|Any CPU.Build.0 = Debug|Any CPU
		{C5B64F94-C82E-4C60-BA7F-262DB4BBB47E}.Release|Any CPU.ActiveCfg = Release|Any CPU
		{C5B64F94-C82E-4C60-BA7F-262DB4BBB47E}.Release|Any CPU.Build.0 = Release|Any CPU
		{F6155D0D-F8F2-4D46-9B86-C29568667AF6}.Debug|Any CPU.ActiveCfg = Debug|Any CPU
		{F6155D0D-F8F2-4D46-9B86-C29568667AF6}.Debug|Any CPU.Build.0 = Debug|Any CPU
		{F6155D0D-F8F2-4D46-9B86-C29568667AF6}.Release|Any CPU.ActiveCfg = Release|Any CPU
		{F6155D0D-F8F2-4D46-9B86-C29568667AF6}.Release|Any CPU.Build.0 = Release|Any CPU
		{EABFE0D0-7CF9-4871-800F-9F54C5F73F8F}.Debug|Any CPU.ActiveCfg = Debug|Any CPU
		{EABFE0D0-7CF9-4871-800F-9F54C5F73F8F}.Debug|Any CPU.Build.0 = Debug|Any CPU
		{EABFE0D0-7CF9-4871-800F-9F54C5F73F8F}.Release|Any CPU.ActiveCfg = Release|Any CPU
		{EABFE0D0-7CF9-4871-800F-9F54C5F73F8F}.Release|Any CPU.Build.0 = Release|Any CPU
	EndGlobalSection
	GlobalSection(SolutionProperties) = preSolution
		HideSolutionNode = FALSE
	EndGlobalSection
	GlobalSection(NestedProjects) = preSolution
		{2BE03A26-7E82-4B47-A422-511442155A0C} = {02EA681E-C7D8-13C7-8484-4AC65E1B71E8}
		{920DC820-0C52-4AA0-B209-D92A3E2B6BA6} = {02EA681E-C7D8-13C7-8484-4AC65E1B71E8}
		{2FAF572C-47C6-4178-AABF-D10CE1AADA29} = {02EA681E-C7D8-13C7-8484-4AC65E1B71E8}
		{698FF893-650F-424B-A497-BF801D4C115D} = {02EA681E-C7D8-13C7-8484-4AC65E1B71E8}
		{E77DB180-5E85-4F71-BFFA-B88BA0F98E41} = {2BE03A26-7E82-4B47-A422-511442155A0C}
		{8336E100-727C-495E-B8CF-CA5BF95C72D5} = {2FAF572C-47C6-4178-AABF-D10CE1AADA29}
		{FFE5152D-83C7-46C1-AC99-4D55497B610E} = {8336E100-727C-495E-B8CF-CA5BF95C72D5}
		{F4A49998-60CC-4B91-904D-84810BC58D6B} = {8336E100-727C-495E-B8CF-CA5BF95C72D5}
		{0C77929E-5044-45DE-9A16-CCC5D0C48696} = {8336E100-727C-495E-B8CF-CA5BF95C72D5}
		{44866673-B70E-44AA-8E24-B2BBC80F8113} = {8336E100-727C-495E-B8CF-CA5BF95C72D5}
		{47D08BE3-B806-4994-807E-1687AA340490} = {698FF893-650F-424B-A497-BF801D4C115D}
		{23FA3599-CDD6-4C47-B274-435266620F03} = {698FF893-650F-424B-A497-BF801D4C115D}
		{350BCEF7-DC19-48A3-9CC0-1F9A9B52E8F1} = {698FF893-650F-424B-A497-BF801D4C115D}
		{EC755A93-42CF-4787-9688-532595A83487} = {698FF893-650F-424B-A497-BF801D4C115D}
		{7280C3ED-B4A9-4771-A31D-ECA08BE2DA7A} = {7F8A3AE5-D3A3-4617-886A-ADEBFBFE1123}
		{02F156E4-2CF4-DB5E-64DF-16D402487219} = {7F8A3AE5-D3A3-4617-886A-ADEBFBFE1123}
		{0E3B1477-DF01-402D-BC60-A19A743850D9} = {2BE03A26-7E82-4B47-A422-511442155A0C}
		{58965627-648A-430C-BB3F-A678BE801B01} = {698FF893-650F-424B-A497-BF801D4C115D}
		{61AB00D8-9775-4A85-B664-1F4E12426AB2} = {2FAF572C-47C6-4178-AABF-D10CE1AADA29}
		{D349B7C1-3222-4A58-BA19-CD2CBA0D2A24} = {61AB00D8-9775-4A85-B664-1F4E12426AB2}
		{F425B158-8845-480C-83D6-FF8C42D40B09} = {61AB00D8-9775-4A85-B664-1F4E12426AB2}
		{5E0F4736-2D42-4B89-9D4A-AC633E2464E1} = {61AB00D8-9775-4A85-B664-1F4E12426AB2}
		{67BD7459-E1DD-4073-A95A-2C4FC27EC277} = {61AB00D8-9775-4A85-B664-1F4E12426AB2}
		{8759B04B-93E1-43A5-8FC6-402023A618EE} = {920DC820-0C52-4AA0-B209-D92A3E2B6BA6}
		{C5B64F94-C82E-4C60-BA7F-262DB4BBB47E} = {920DC820-0C52-4AA0-B209-D92A3E2B6BA6}
		{7F8A3AE5-D3A3-4617-886A-ADEBFBFE1123} = {920DC820-0C52-4AA0-B209-D92A3E2B6BA6}
		{25DE7527-0C60-4146-AA79-3C6EAE0A787B} = {920DC820-0C52-4AA0-B209-D92A3E2B6BA6}
		{F6155D0D-F8F2-4D46-9B86-C29568667AF6} = {25DE7527-0C60-4146-AA79-3C6EAE0A787B}
		{EABFE0D0-7CF9-4871-800F-9F54C5F73F8F} = {25DE7527-0C60-4146-AA79-3C6EAE0A787B}
	EndGlobalSection
	GlobalSection(ExtensibilityGlobals) = postSolution
		SolutionGuid = {30D1384C-5051-4622-9338-8E35A7AB142A}
	EndGlobalSection
EndGlobal
